// !$*UTF8*$!
{
	archiveVersion = 1;
	classes = {
	};
	objectVersion = 46;
	objects = {

/* Begin PBXBuildFile section */
		1BA59BB4497B15AEBD322A0D /* Pods_Midom.framework in Frameworks */ = {isa = PBXBuildFile; fileRef = ACC4F24E8CF4940CEABD3A5B /* Pods_Midom.framework */; };
		4C102F261EA534F7007066EC /* RequestListViewController.swift in Sources */ = {isa = PBXBuildFile; fileRef = 4C102F241EA534F7007066EC /* RequestListViewController.swift */; };
		4C102F271EA534F7007066EC /* RequestListViewController.xib in Resources */ = {isa = PBXBuildFile; fileRef = 4C102F251EA534F7007066EC /* RequestListViewController.xib */; };
		4C102F2A1EA535B9007066EC /* RequestType.swift in Sources */ = {isa = PBXBuildFile; fileRef = 4C102F291EA535B9007066EC /* RequestType.swift */; };
		4C102F2D1EA54C2F007066EC /* RequestTableViewCell.swift in Sources */ = {isa = PBXBuildFile; fileRef = 4C102F2B1EA54C2F007066EC /* RequestTableViewCell.swift */; };
		4C102F2E1EA54C2F007066EC /* RequestTableViewCell.xib in Resources */ = {isa = PBXBuildFile; fileRef = 4C102F2C1EA54C2F007066EC /* RequestTableViewCell.xib */; };
		4C2ADE711EA6BE54004E260A /* Renderer.swift in Sources */ = {isa = PBXBuildFile; fileRef = 4C2ADE701EA6BE54004E260A /* Renderer.swift */; };
		4C2ADE731EA6BE9E004E260A /* Presenter.swift in Sources */ = {isa = PBXBuildFile; fileRef = 4C2ADE721EA6BE9E004E260A /* Presenter.swift */; };
		4C32B0E71EB5F8E60047596F /* Assets.xcassets in Resources */ = {isa = PBXBuildFile; fileRef = 4C32B0E61EB5F8E60047596F /* Assets.xcassets */; };
		4C32B0ED1EB633370047596F /* PendingRequestViewController.swift in Sources */ = {isa = PBXBuildFile; fileRef = 4C32B0EB1EB633370047596F /* PendingRequestViewController.swift */; };
		4C32B0EE1EB633370047596F /* PendingRequestViewController.xib in Resources */ = {isa = PBXBuildFile; fileRef = 4C32B0EC1EB633370047596F /* PendingRequestViewController.xib */; };
		4C32B0F01EB692B00047596F /* Utils.swift in Sources */ = {isa = PBXBuildFile; fileRef = 4C32B0EF1EB692B00047596F /* Utils.swift */; };
		4C5088761EA56C000005E9E2 /* AppContext.swift in Sources */ = {isa = PBXBuildFile; fileRef = 4C5088751EA56C000005E9E2 /* AppContext.swift */; };
		4C5088781EA56CC50005E9E2 /* NavigationService.swift in Sources */ = {isa = PBXBuildFile; fileRef = 4C5088771EA56CC50005E9E2 /* NavigationService.swift */; };
		4C50887A1EA572320005E9E2 /* MidomService.swift in Sources */ = {isa = PBXBuildFile; fileRef = 4C5088791EA572320005E9E2 /* MidomService.swift */; };
		4C8A51531E9924E000370925 /* AppDelegate.swift in Sources */ = {isa = PBXBuildFile; fileRef = 4C8A51521E9924E000370925 /* AppDelegate.swift */; };
		4CA440051EB9063F00B20FBE /* AcceptedRequestViewController.swift in Sources */ = {isa = PBXBuildFile; fileRef = 4CA440031EB9063F00B20FBE /* AcceptedRequestViewController.swift */; };
		4CA440061EB9063F00B20FBE /* AcceptedRequestViewController.xib in Resources */ = {isa = PBXBuildFile; fileRef = 4CA440041EB9063F00B20FBE /* AcceptedRequestViewController.xib */; };
		4CD0F0C31E9950F400891758 /* AccountDetails.swift in Sources */ = {isa = PBXBuildFile; fileRef = 4CD0F0C21E9950F400891758 /* AccountDetails.swift */; };
		4CD0F0C51E9951B300891758 /* ConsultationRequest.swift in Sources */ = {isa = PBXBuildFile; fileRef = 4CD0F0C41E9951B300891758 /* ConsultationRequest.swift */; };
		4CD0F0C71E99535B00891758 /* Study.swift in Sources */ = {isa = PBXBuildFile; fileRef = 4CD0F0C61E99535B00891758 /* Study.swift */; };
		4CD0F0C91E9953B600891758 /* ConsultationRequestMessage.swift in Sources */ = {isa = PBXBuildFile; fileRef = 4CD0F0C81E9953B600891758 /* ConsultationRequestMessage.swift */; };
		4CD0F0CB1E99541000891758 /* Specialisation.swift in Sources */ = {isa = PBXBuildFile; fileRef = 4CD0F0CA1E99541000891758 /* Specialisation.swift */; };
		4CD0F0D01E99554100891758 /* MidomApi.swift in Sources */ = {isa = PBXBuildFile; fileRef = 4CD0F0CF1E99554100891758 /* MidomApi.swift */; };
		4CD0F0D41E99791300891758 /* MidomResponse.swift in Sources */ = {isa = PBXBuildFile; fileRef = 4CD0F0D31E99791300891758 /* MidomResponse.swift */; };
		4CD0F0D81E997F1A00891758 /* LoginViewController.swift in Sources */ = {isa = PBXBuildFile; fileRef = 4CD0F0D61E997F1A00891758 /* LoginViewController.swift */; };
		4CD0F0D91E997F1A00891758 /* LoginViewController.xib in Resources */ = {isa = PBXBuildFile; fileRef = 4CD0F0D71E997F1A00891758 /* LoginViewController.xib */; };
		4CD0F0DD1E998C4A00891758 /* HomeViewController.swift in Sources */ = {isa = PBXBuildFile; fileRef = 4CD0F0DB1E998C4A00891758 /* HomeViewController.swift */; };
		4CD0F0DE1E998C4A00891758 /* HomeViewController.xib in Resources */ = {isa = PBXBuildFile; fileRef = 4CD0F0DC1E998C4A00891758 /* HomeViewController.xib */; };
/* End PBXBuildFile section */

/* Begin PBXFileReference section */
		22553E624407AF28F2993D81 /* Pods-Midom.release.xcconfig */ = {isa = PBXFileReference; includeInIndex = 1; lastKnownFileType = text.xcconfig; name = "Pods-Midom.release.xcconfig"; path = "Pods/Target Support Files/Pods-Midom/Pods-Midom.release.xcconfig"; sourceTree = "<group>"; };
		4C102F241EA534F7007066EC /* RequestListViewController.swift */ = {isa = PBXFileReference; fileEncoding = 4; lastKnownFileType = sourcecode.swift; name = RequestListViewController.swift; path = RequestList/RequestListViewController.swift; sourceTree = "<group>"; };
		4C102F251EA534F7007066EC /* RequestListViewController.xib */ = {isa = PBXFileReference; fileEncoding = 4; lastKnownFileType = file.xib; name = RequestListViewController.xib; path = RequestList/RequestListViewController.xib; sourceTree = "<group>"; };
		4C102F291EA535B9007066EC /* RequestType.swift */ = {isa = PBXFileReference; fileEncoding = 4; lastKnownFileType = sourcecode.swift; name = RequestType.swift; path = RequestList/RequestType.swift; sourceTree = "<group>"; };
		4C102F2B1EA54C2F007066EC /* RequestTableViewCell.swift */ = {isa = PBXFileReference; fileEncoding = 4; lastKnownFileType = sourcecode.swift; name = RequestTableViewCell.swift; path = RequestList/RequestTableViewCell.swift; sourceTree = "<group>"; };
		4C102F2C1EA54C2F007066EC /* RequestTableViewCell.xib */ = {isa = PBXFileReference; fileEncoding = 4; lastKnownFileType = file.xib; name = RequestTableViewCell.xib; path = RequestList/RequestTableViewCell.xib; sourceTree = "<group>"; };
		4C2ADE701EA6BE54004E260A /* Renderer.swift */ = {isa = PBXFileReference; fileEncoding = 4; lastKnownFileType = sourcecode.swift; path = Renderer.swift; sourceTree = "<group>"; };
		4C2ADE721EA6BE9E004E260A /* Presenter.swift */ = {isa = PBXFileReference; fileEncoding = 4; lastKnownFileType = sourcecode.swift; path = Presenter.swift; sourceTree = "<group>"; };
		4C32B0E61EB5F8E60047596F /* Assets.xcassets */ = {isa = PBXFileReference; lastKnownFileType = folder.assetcatalog; path = Assets.xcassets; sourceTree = "<group>"; };
		4C32B0EB1EB633370047596F /* PendingRequestViewController.swift */ = {isa = PBXFileReference; fileEncoding = 4; lastKnownFileType = sourcecode.swift; name = PendingRequestViewController.swift; path = PendingRequest/PendingRequestViewController.swift; sourceTree = "<group>"; };
		4C32B0EC1EB633370047596F /* PendingRequestViewController.xib */ = {isa = PBXFileReference; fileEncoding = 4; lastKnownFileType = file.xib; name = PendingRequestViewController.xib; path = PendingRequest/PendingRequestViewController.xib; sourceTree = "<group>"; };
		4C32B0EF1EB692B00047596F /* Utils.swift */ = {isa = PBXFileReference; fileEncoding = 4; lastKnownFileType = sourcecode.swift; path = Utils.swift; sourceTree = "<group>"; };
		4C5088751EA56C000005E9E2 /* AppContext.swift */ = {isa = PBXFileReference; fileEncoding = 4; lastKnownFileType = sourcecode.swift; path = AppContext.swift; sourceTree = "<group>"; };
		4C5088771EA56CC50005E9E2 /* NavigationService.swift */ = {isa = PBXFileReference; fileEncoding = 4; lastKnownFileType = sourcecode.swift; name = NavigationService.swift; path = Services/NavigationService.swift; sourceTree = "<group>"; };
		4C5088791EA572320005E9E2 /* MidomService.swift */ = {isa = PBXFileReference; fileEncoding = 4; lastKnownFileType = sourcecode.swift; name = MidomService.swift; path = Services/MidomService.swift; sourceTree = "<group>"; };
		4C8A514F1E9924E000370925 /* Midom.app */ = {isa = PBXFileReference; explicitFileType = wrapper.application; includeInIndex = 0; path = Midom.app; sourceTree = BUILT_PRODUCTS_DIR; };
		4C8A51521E9924E000370925 /* AppDelegate.swift */ = {isa = PBXFileReference; lastKnownFileType = sourcecode.swift; path = AppDelegate.swift; sourceTree = "<group>"; };
		4C8A515E1E9924E000370925 /* Info.plist */ = {isa = PBXFileReference; lastKnownFileType = text.plist.xml; path = Info.plist; sourceTree = "<group>"; };
		4CA440031EB9063F00B20FBE /* AcceptedRequestViewController.swift */ = {isa = PBXFileReference; fileEncoding = 4; lastKnownFileType = sourcecode.swift; name = AcceptedRequestViewController.swift; path = AcceptedRequest/AcceptedRequestViewController.swift; sourceTree = "<group>"; };
		4CA440041EB9063F00B20FBE /* AcceptedRequestViewController.xib */ = {isa = PBXFileReference; fileEncoding = 4; lastKnownFileType = file.xib; name = AcceptedRequestViewController.xib; path = AcceptedRequest/AcceptedRequestViewController.xib; sourceTree = "<group>"; };
		4CD0F0C21E9950F400891758 /* AccountDetails.swift */ = {isa = PBXFileReference; fileEncoding = 4; lastKnownFileType = sourcecode.swift; name = AccountDetails.swift; path = Models/AccountDetails.swift; sourceTree = "<group>"; };
		4CD0F0C41E9951B300891758 /* ConsultationRequest.swift */ = {isa = PBXFileReference; fileEncoding = 4; lastKnownFileType = sourcecode.swift; name = ConsultationRequest.swift; path = Models/ConsultationRequest.swift; sourceTree = "<group>"; };
		4CD0F0C61E99535B00891758 /* Study.swift */ = {isa = PBXFileReference; fileEncoding = 4; lastKnownFileType = sourcecode.swift; name = Study.swift; path = Models/Study.swift; sourceTree = "<group>"; };
		4CD0F0C81E9953B600891758 /* ConsultationRequestMessage.swift */ = {isa = PBXFileReference; fileEncoding = 4; lastKnownFileType = sourcecode.swift; name = ConsultationRequestMessage.swift; path = Models/ConsultationRequestMessage.swift; sourceTree = "<group>"; };
		4CD0F0CA1E99541000891758 /* Specialisation.swift */ = {isa = PBXFileReference; fileEncoding = 4; lastKnownFileType = sourcecode.swift; name = Specialisation.swift; path = Models/Specialisation.swift; sourceTree = "<group>"; };
		4CD0F0CF1E99554100891758 /* MidomApi.swift */ = {isa = PBXFileReference; fileEncoding = 4; lastKnownFileType = sourcecode.swift; name = MidomApi.swift; path = Services/MidomApi.swift; sourceTree = "<group>"; };
		4CD0F0D31E99791300891758 /* MidomResponse.swift */ = {isa = PBXFileReference; fileEncoding = 4; lastKnownFileType = sourcecode.swift; name = MidomResponse.swift; path = Services/MidomResponse.swift; sourceTree = "<group>"; };
		4CD0F0D61E997F1A00891758 /* LoginViewController.swift */ = {isa = PBXFileReference; fileEncoding = 4; lastKnownFileType = sourcecode.swift; name = LoginViewController.swift; path = Login/LoginViewController.swift; sourceTree = "<group>"; };
		4CD0F0D71E997F1A00891758 /* LoginViewController.xib */ = {isa = PBXFileReference; fileEncoding = 4; lastKnownFileType = file.xib; name = LoginViewController.xib; path = Login/LoginViewController.xib; sourceTree = "<group>"; };
		4CD0F0DB1E998C4A00891758 /* HomeViewController.swift */ = {isa = PBXFileReference; fileEncoding = 4; lastKnownFileType = sourcecode.swift; name = HomeViewController.swift; path = Home/HomeViewController.swift; sourceTree = "<group>"; };
		4CD0F0DC1E998C4A00891758 /* HomeViewController.xib */ = {isa = PBXFileReference; fileEncoding = 4; lastKnownFileType = file.xib; name = HomeViewController.xib; path = Home/HomeViewController.xib; sourceTree = "<group>"; };
		ACC4F24E8CF4940CEABD3A5B /* Pods_Midom.framework */ = {isa = PBXFileReference; explicitFileType = wrapper.framework; includeInIndex = 0; path = Pods_Midom.framework; sourceTree = BUILT_PRODUCTS_DIR; };
		D3154D4F528DD2085949F187 /* Pods-Midom.debug.xcconfig */ = {isa = PBXFileReference; includeInIndex = 1; lastKnownFileType = text.xcconfig; name = "Pods-Midom.debug.xcconfig"; path = "Pods/Target Support Files/Pods-Midom/Pods-Midom.debug.xcconfig"; sourceTree = "<group>"; };
/* End PBXFileReference section */

/* Begin PBXFrameworksBuildPhase section */
		4C8A514C1E9924DF00370925 /* Frameworks */ = {
			isa = PBXFrameworksBuildPhase;
			buildActionMask = 2147483647;
			files = (
				1BA59BB4497B15AEBD322A0D /* Pods_Midom.framework in Frameworks */,
			);
			runOnlyForDeploymentPostprocessing = 0;
		};
/* End PBXFrameworksBuildPhase section */

/* Begin PBXGroup section */
		4C102F281EA534FC007066EC /* RequestList */ = {
			isa = PBXGroup;
			children = (
				4C102F241EA534F7007066EC /* RequestListViewController.swift */,
				4C102F251EA534F7007066EC /* RequestListViewController.xib */,
				4C102F2B1EA54C2F007066EC /* RequestTableViewCell.swift */,
				4C102F2C1EA54C2F007066EC /* RequestTableViewCell.xib */,
				4C102F291EA535B9007066EC /* RequestType.swift */,
			);
			name = RequestList;
			sourceTree = "<group>";
		};
		4C2ADE741EA6C6CE004E260A /* Architecture */ = {
			isa = PBXGroup;
			children = (
				4C5088751EA56C000005E9E2 /* AppContext.swift */,
				4C2ADE701EA6BE54004E260A /* Renderer.swift */,
				4C2ADE721EA6BE9E004E260A /* Presenter.swift */,
			);
			name = Architecture;
			sourceTree = "<group>";
		};
		4C2ADE751EA6C6DC004E260A /* Supporting Files */ = {
			isa = PBXGroup;
			children = (
				4C32B0E61EB5F8E60047596F /* Assets.xcassets */,
				4C8A515E1E9924E000370925 /* Info.plist */,
			);
			name = "Supporting Files";
			sourceTree = "<group>";
		};
		4C32B0EA1EB6330C0047596F /* PendingRequest */ = {
			isa = PBXGroup;
			children = (
				4C32B0EB1EB633370047596F /* PendingRequestViewController.swift */,
				4C32B0EC1EB633370047596F /* PendingRequestViewController.xib */,
			);
			name = PendingRequest;
			sourceTree = "<group>";
		};
		4C8A51461E9924DF00370925 = {
			isa = PBXGroup;
			children = (
				4C8A51511E9924E000370925 /* Midom */,
				4C8A51501E9924E000370925 /* Products */,
				56A4A172EC8134F9F55C083B /* Pods */,
				8BFD6298D3C6DA33359078B9 /* Frameworks */,
			);
			sourceTree = "<group>";
		};
		4C8A51501E9924E000370925 /* Products */ = {
			isa = PBXGroup;
			children = (
				4C8A514F1E9924E000370925 /* Midom.app */,
			);
			name = Products;
			sourceTree = "<group>";
		};
		4C8A51511E9924E000370925 /* Midom */ = {
			isa = PBXGroup;
			children = (
				4CA440021EB9062200B20FBE /* AcceptRequest */,
				4C32B0EA1EB6330C0047596F /* PendingRequest */,
				4CD0F0DA1E998C3700891758 /* Home */,
				4CD0F0D51E997EEC00891758 /* Login */,
				4C102F281EA534FC007066EC /* RequestList */,
				4CD0F0CC1E9954F600891758 /* Services */,
				4CD0F0C11E994DD200891758 /* Models */,
				4C2ADE741EA6C6CE004E260A /* Architecture */,
				4C8A51521E9924E000370925 /* AppDelegate.swift */,
				4C32B0EF1EB692B00047596F /* Utils.swift */,
				4C2ADE751EA6C6DC004E260A /* Supporting Files */,
			);
			path = Midom;
			sourceTree = "<group>";
		};
		4CA440021EB9062200B20FBE /* AcceptRequest */ = {
			isa = PBXGroup;
			children = (
				4CA440031EB9063F00B20FBE /* AcceptedRequestViewController.swift */,
				4CA440041EB9063F00B20FBE /* AcceptedRequestViewController.xib */,
			);
			name = AcceptRequest;
			sourceTree = "<group>";
		};
		4CD0F0C11E994DD200891758 /* Models */ = {
			isa = PBXGroup;
			children = (
				4CD0F0C21E9950F400891758 /* AccountDetails.swift */,
				4CD0F0C41E9951B300891758 /* ConsultationRequest.swift */,
				4CD0F0C81E9953B600891758 /* ConsultationRequestMessage.swift */,
				4CD0F0CA1E99541000891758 /* Specialisation.swift */,
				4CD0F0C61E99535B00891758 /* Study.swift */,
			);
			name = Models;
			sourceTree = "<group>";
		};
		4CD0F0CC1E9954F600891758 /* Services */ = {
			isa = PBXGroup;
			children = (
				4CD0F0CF1E99554100891758 /* MidomApi.swift */,
				4CD0F0D31E99791300891758 /* MidomResponse.swift */,
				4C5088771EA56CC50005E9E2 /* NavigationService.swift */,
				4C5088791EA572320005E9E2 /* MidomService.swift */,
			);
			name = Services;
			sourceTree = "<group>";
		};
		4CD0F0D51E997EEC00891758 /* Login */ = {
			isa = PBXGroup;
			children = (
				4CD0F0D61E997F1A00891758 /* LoginViewController.swift */,
				4CD0F0D71E997F1A00891758 /* LoginViewController.xib */,
			);
			name = Login;
			sourceTree = "<group>";
		};
		4CD0F0DA1E998C3700891758 /* Home */ = {
			isa = PBXGroup;
			children = (
				4CD0F0DB1E998C4A00891758 /* HomeViewController.swift */,
				4CD0F0DC1E998C4A00891758 /* HomeViewController.xib */,
			);
			name = Home;
			sourceTree = "<group>";
		};
		56A4A172EC8134F9F55C083B /* Pods */ = {
			isa = PBXGroup;
			children = (
				D3154D4F528DD2085949F187 /* Pods-Midom.debug.xcconfig */,
				22553E624407AF28F2993D81 /* Pods-Midom.release.xcconfig */,
			);
			name = Pods;
			sourceTree = "<group>";
		};
		8BFD6298D3C6DA33359078B9 /* Frameworks */ = {
			isa = PBXGroup;
			children = (
				ACC4F24E8CF4940CEABD3A5B /* Pods_Midom.framework */,
			);
			name = Frameworks;
			sourceTree = "<group>";
		};
/* End PBXGroup section */

/* Begin PBXNativeTarget section */
		4C8A514E1E9924DF00370925 /* Midom */ = {
			isa = PBXNativeTarget;
			buildConfigurationList = 4C8A51611E9924E000370925 /* Build configuration list for PBXNativeTarget "Midom" */;
			buildPhases = (
				2C599C754DA6AC6DACDE6C0F /* [CP] Check Pods Manifest.lock */,
				4C8A514B1E9924DF00370925 /* Sources */,
				4C8A514C1E9924DF00370925 /* Frameworks */,
				4C8A514D1E9924DF00370925 /* Resources */,
				BF8280F8D333FC1B9F746C49 /* [CP] Embed Pods Frameworks */,
				BCA838876AD0F13AFD14C081 /* [CP] Copy Pods Resources */,
			);
			buildRules = (
			);
			dependencies = (
			);
			name = Midom;
			productName = Midom;
			productReference = 4C8A514F1E9924E000370925 /* Midom.app */;
			productType = "com.apple.product-type.application";
		};
/* End PBXNativeTarget section */

/* Begin PBXProject section */
		4C8A51471E9924DF00370925 /* Project object */ = {
			isa = PBXProject;
			attributes = {
				LastSwiftUpdateCheck = 0820;
				LastUpgradeCheck = 0820;
				ORGANIZATIONNAME = ne;
				TargetAttributes = {
					4C8A514E1E9924DF00370925 = {
						CreatedOnToolsVersion = 8.2.1;
						LastSwiftMigration = 0820;
						ProvisioningStyle = Automatic;
					};
				};
			};
			buildConfigurationList = 4C8A514A1E9924DF00370925 /* Build configuration list for PBXProject "Midom" */;
			compatibilityVersion = "Xcode 3.2";
			developmentRegion = English;
			hasScannedForEncodings = 0;
			knownRegions = (
				en,
				Base,
			);
			mainGroup = 4C8A51461E9924DF00370925;
			productRefGroup = 4C8A51501E9924E000370925 /* Products */;
			projectDirPath = "";
			projectRoot = "";
			targets = (
				4C8A514E1E9924DF00370925 /* Midom */,
			);
		};
/* End PBXProject section */

/* Begin PBXResourcesBuildPhase section */
		4C8A514D1E9924DF00370925 /* Resources */ = {
			isa = PBXResourcesBuildPhase;
			buildActionMask = 2147483647;
			files = (
				4CD0F0D91E997F1A00891758 /* LoginViewController.xib in Resources */,
				4C102F2E1EA54C2F007066EC /* RequestTableViewCell.xib in Resources */,
				4C102F271EA534F7007066EC /* RequestListViewController.xib in Resources */,
				4CD0F0DE1E998C4A00891758 /* HomeViewController.xib in Resources */,
				4C32B0EE1EB633370047596F /* PendingRequestViewController.xib in Resources */,
				4CA440061EB9063F00B20FBE /* AcceptedRequestViewController.xib in Resources */,
				4C32B0E71EB5F8E60047596F /* Assets.xcassets in Resources */,
			);
			runOnlyForDeploymentPostprocessing = 0;
		};
/* End PBXResourcesBuildPhase section */

/* Begin PBXShellScriptBuildPhase section */
		2C599C754DA6AC6DACDE6C0F /* [CP] Check Pods Manifest.lock */ = {
			isa = PBXShellScriptBuildPhase;
			buildActionMask = 2147483647;
			files = (
			);
			inputPaths = (
			);
			name = "[CP] Check Pods Manifest.lock";
			outputPaths = (
			);
			runOnlyForDeploymentPostprocessing = 0;
			shellPath = /bin/sh;
			shellScript = "diff \"${PODS_ROOT}/../Podfile.lock\" \"${PODS_ROOT}/Manifest.lock\" > /dev/null\nif [ $? != 0 ] ; then\n    # print error to STDERR\n    echo \"error: The sandbox is not in sync with the Podfile.lock. Run 'pod install' or update your CocoaPods installation.\" >&2\n    exit 1\nfi\n";
			showEnvVarsInLog = 0;
		};
		BCA838876AD0F13AFD14C081 /* [CP] Copy Pods Resources */ = {
			isa = PBXShellScriptBuildPhase;
			buildActionMask = 2147483647;
			files = (
			);
			inputPaths = (
			);
			name = "[CP] Copy Pods Resources";
			outputPaths = (
			);
			runOnlyForDeploymentPostprocessing = 0;
			shellPath = /bin/sh;
			shellScript = "\"${SRCROOT}/Pods/Target Support Files/Pods-Midom/Pods-Midom-resources.sh\"\n";
			showEnvVarsInLog = 0;
		};
		BF8280F8D333FC1B9F746C49 /* [CP] Embed Pods Frameworks */ = {
			isa = PBXShellScriptBuildPhase;
			buildActionMask = 2147483647;
			files = (
			);
			inputPaths = (
			);
			name = "[CP] Embed Pods Frameworks";
			outputPaths = (
			);
			runOnlyForDeploymentPostprocessing = 0;
			shellPath = /bin/sh;
			shellScript = "\"${SRCROOT}/Pods/Target Support Files/Pods-Midom/Pods-Midom-frameworks.sh\"\n";
			showEnvVarsInLog = 0;
		};
/* End PBXShellScriptBuildPhase section */

/* Begin PBXSourcesBuildPhase section */
		4C8A514B1E9924DF00370925 /* Sources */ = {
			isa = PBXSourcesBuildPhase;
			buildActionMask = 2147483647;
			files = (
				4C2ADE731EA6BE9E004E260A /* Presenter.swift in Sources */,
				4CD0F0C71E99535B00891758 /* Study.swift in Sources */,
				4C5088761EA56C000005E9E2 /* AppContext.swift in Sources */,
				4CD0F0CB1E99541000891758 /* Specialisation.swift in Sources */,
				4CD0F0C51E9951B300891758 /* ConsultationRequest.swift in Sources */,
				4C50887A1EA572320005E9E2 /* MidomService.swift in Sources */,
				4CD0F0C91E9953B600891758 /* ConsultationRequestMessage.swift in Sources */,
				4C102F261EA534F7007066EC /* RequestListViewController.swift in Sources */,
				4C8A51531E9924E000370925 /* AppDelegate.swift in Sources */,
				4CD0F0D01E99554100891758 /* MidomApi.swift in Sources */,
				4C102F2A1EA535B9007066EC /* RequestType.swift in Sources */,
				4CD0F0C31E9950F400891758 /* AccountDetails.swift in Sources */,
				4C5088781EA56CC50005E9E2 /* NavigationService.swift in Sources */,
				4C102F2D1EA54C2F007066EC /* RequestTableViewCell.swift in Sources */,
				4CD0F0D41E99791300891758 /* MidomResponse.swift in Sources */,
				4C32B0F01EB692B00047596F /* Utils.swift in Sources */,
				4C2ADE711EA6BE54004E260A /* Renderer.swift in Sources */,
				4CA440051EB9063F00B20FBE /* AcceptedRequestViewController.swift in Sources */,
				4CD0F0D81E997F1A00891758 /* LoginViewController.swift in Sources */,
				4C32B0ED1EB633370047596F /* PendingRequestViewController.swift in Sources */,
				4CD0F0DD1E998C4A00891758 /* HomeViewController.swift in Sources */,
			);
			runOnlyForDeploymentPostprocessing = 0;
		};
/* End PBXSourcesBuildPhase section */

/* Begin XCBuildConfiguration section */
		4C8A515F1E9924E000370925 /* Debug */ = {
			isa = XCBuildConfiguration;
			buildSettings = {
				ALWAYS_SEARCH_USER_PATHS = NO;
				CLANG_ANALYZER_NONNULL = YES;
				CLANG_CXX_LANGUAGE_STANDARD = "gnu++0x";
				CLANG_CXX_LIBRARY = "libc++";
				CLANG_ENABLE_MODULES = YES;
				CLANG_ENABLE_OBJC_ARC = YES;
				CLANG_WARN_BOOL_CONVERSION = YES;
				CLANG_WARN_CONSTANT_CONVERSION = YES;
				CLANG_WARN_DIRECT_OBJC_ISA_USAGE = YES_ERROR;
				CLANG_WARN_DOCUMENTATION_COMMENTS = YES;
				CLANG_WARN_EMPTY_BODY = YES;
				CLANG_WARN_ENUM_CONVERSION = YES;
				CLANG_WARN_INFINITE_RECURSION = YES;
				CLANG_WARN_INT_CONVERSION = YES;
				CLANG_WARN_OBJC_ROOT_CLASS = YES_ERROR;
				CLANG_WARN_SUSPICIOUS_MOVE = YES;
				CLANG_WARN_UNREACHABLE_CODE = YES;
				CLANG_WARN__DUPLICATE_METHOD_MATCH = YES;
				"CODE_SIGN_IDENTITY[sdk=iphoneos*]" = "iPhone Developer";
				COPY_PHASE_STRIP = NO;
				DEBUG_INFORMATION_FORMAT = dwarf;
				ENABLE_STRICT_OBJC_MSGSEND = YES;
				ENABLE_TESTABILITY = YES;
				GCC_C_LANGUAGE_STANDARD = gnu99;
				GCC_DYNAMIC_NO_PIC = NO;
				GCC_NO_COMMON_BLOCKS = YES;
				GCC_OPTIMIZATION_LEVEL = 0;
				GCC_PREPROCESSOR_DEFINITIONS = (
					"DEBUG=1",
					"$(inherited)",
				);
				GCC_WARN_64_TO_32_BIT_CONVERSION = YES;
				GCC_WARN_ABOUT_RETURN_TYPE = YES_ERROR;
				GCC_WARN_UNDECLARED_SELECTOR = YES;
				GCC_WARN_UNINITIALIZED_AUTOS = YES_AGGRESSIVE;
				GCC_WARN_UNUSED_FUNCTION = YES;
				GCC_WARN_UNUSED_VARIABLE = YES;
				IPHONEOS_DEPLOYMENT_TARGET = 10.2;
				MTL_ENABLE_DEBUG_INFO = YES;
				ONLY_ACTIVE_ARCH = YES;
				SDKROOT = iphoneos;
				SWIFT_ACTIVE_COMPILATION_CONDITIONS = DEBUG;
				SWIFT_OPTIMIZATION_LEVEL = "-Onone";
				TARGETED_DEVICE_FAMILY = "1,2";
			};
			name = Debug;
		};
		4C8A51601E9924E000370925 /* Release */ = {
			isa = XCBuildConfiguration;
			buildSettings = {
				ALWAYS_SEARCH_USER_PATHS = NO;
				CLANG_ANALYZER_NONNULL = YES;
				CLANG_CXX_LANGUAGE_STANDARD = "gnu++0x";
				CLANG_CXX_LIBRARY = "libc++";
				CLANG_ENABLE_MODULES = YES;
				CLANG_ENABLE_OBJC_ARC = YES;
				CLANG_WARN_BOOL_CONVERSION = YES;
				CLANG_WARN_CONSTANT_CONVERSION = YES;
				CLANG_WARN_DIRECT_OBJC_ISA_USAGE = YES_ERROR;
				CLANG_WARN_DOCUMENTATION_COMMENTS = YES;
				CLANG_WARN_EMPTY_BODY = YES;
				CLANG_WARN_ENUM_CONVERSION = YES;
				CLANG_WARN_INFINITE_RECURSION = YES;
				CLANG_WARN_INT_CONVERSION = YES;
				CLANG_WARN_OBJC_ROOT_CLASS = YES_ERROR;
				CLANG_WARN_SUSPICIOUS_MOVE = YES;
				CLANG_WARN_UNREACHABLE_CODE = YES;
				CLANG_WARN__DUPLICATE_METHOD_MATCH = YES;
				"CODE_SIGN_IDENTITY[sdk=iphoneos*]" = "iPhone Developer";
				COPY_PHASE_STRIP = NO;
				DEBUG_INFORMATION_FORMAT = "dwarf-with-dsym";
				ENABLE_NS_ASSERTIONS = NO;
				ENABLE_STRICT_OBJC_MSGSEND = YES;
				GCC_C_LANGUAGE_STANDARD = gnu99;
				GCC_NO_COMMON_BLOCKS = YES;
				GCC_WARN_64_TO_32_BIT_CONVERSION = YES;
				GCC_WARN_ABOUT_RETURN_TYPE = YES_ERROR;
				GCC_WARN_UNDECLARED_SELECTOR = YES;
				GCC_WARN_UNINITIALIZED_AUTOS = YES_AGGRESSIVE;
				GCC_WARN_UNUSED_FUNCTION = YES;
				GCC_WARN_UNUSED_VARIABLE = YES;
				IPHONEOS_DEPLOYMENT_TARGET = 10.2;
				MTL_ENABLE_DEBUG_INFO = NO;
				SDKROOT = iphoneos;
				SWIFT_OPTIMIZATION_LEVEL = "-Owholemodule";
				TARGETED_DEVICE_FAMILY = "1,2";
				VALIDATE_PRODUCT = YES;
			};
			name = Release;
		};
		4C8A51621E9924E000370925 /* Debug */ = {
			isa = XCBuildConfiguration;
			baseConfigurationReference = D3154D4F528DD2085949F187 /* Pods-Midom.debug.xcconfig */;
			buildSettings = {
				ASSETCATALOG_COMPILER_APPICON_NAME = AppIcon;
				INFOPLIST_FILE = Midom/Info.plist;
				LD_RUNPATH_SEARCH_PATHS = "$(inherited) @executable_path/Frameworks";
				PRODUCT_BUNDLE_IDENTIFIER = hr.ne.Midom;
				PRODUCT_NAME = "$(TARGET_NAME)";
				SWIFT_VERSION = 3.0;
			};
			name = Debug;
		};
		4C8A51631E9924E000370925 /* Release */ = {
			isa = XCBuildConfiguration;
			baseConfigurationReference = 22553E624407AF28F2993D81 /* Pods-Midom.release.xcconfig */;
			buildSettings = {
				ASSETCATALOG_COMPILER_APPICON_NAME = AppIcon;
				INFOPLIST_FILE = Midom/Info.plist;
				LD_RUNPATH_SEARCH_PATHS = "$(inherited) @executable_path/Frameworks";
				PRODUCT_BUNDLE_IDENTIFIER = hr.ne.Midom;
				PRODUCT_NAME = "$(TARGET_NAME)";
				SWIFT_VERSION = 3.0;
			};
			name = Release;
		};
/* End XCBuildConfiguration section */

/* Begin XCConfigurationList section */
		4C8A514A1E9924DF00370925 /* Build configuration list for PBXProject "Midom" */ = {
			isa = XCConfigurationList;
			buildConfigurations = (
				4C8A515F1E9924E000370925 /* Debug */,
				4C8A51601E9924E000370925 /* Release */,
			);
			defaultConfigurationIsVisible = 0;
			defaultConfigurationName = Release;
		};
		4C8A51611E9924E000370925 /* Build configuration list for PBXNativeTarget "Midom" */ = {
			isa = XCConfigurationList;
			buildConfigurations = (
				4C8A51621E9924E000370925 /* Debug */,
				4C8A51631E9924E000370925 /* Release */,
			);
			defaultConfigurationIsVisible = 0;
			defaultConfigurationName = Release;
		};
/* End XCConfigurationList section */
	};
	rootObject = 4C8A51471E9924DF00370925 /* Project object */;
}
